
Microsoft Visual Studio Solution File, Format Version 12.00
# Visual Studio Version 17
VisualStudioVersion = 17.14.36511.14 d17.14
MinimumVisualStudioVersion = 10.0.40219.1
Project("{FAE04EC0-301F-11D3-BF4B-00C04F79EFBC}") = "AreayVolumPARALELEPIPEDOcs", "AreayVolumPARALELEPIPEDOcs\AreayVolumPARALELEPIPEDOcs.csproj", "{70AB4FBB-26AC-4E01-A3D3-686FF44B0979}"
EndProject
Global
	GlobalSection(SolutionConfigurationPlatforms) = preSolution
		Debug|Any CPU = Debug|Any CPU
		Release|Any CPU = Release|Any CPU
	EndGlobalSection
	GlobalSection(ProjectConfigurationPlatforms) = postSolution
		{70AB4FBB-26AC-4E01-A3D3-686FF44B0979}.Debug|Any CPU.ActiveCfg = Debug|Any CPU
		{70AB4FBB-26AC-4E01-A3D3-686FF44B0979}.Debug|Any CPU.Build.0 = Debug|Any CPU
		{70AB4FBB-26AC-4E01-A3D3-686FF44B0979}.Release|Any CPU.ActiveCfg = Release|Any CPU
		{70AB4FBB-26AC-4E01-A3D3-686FF44B0979}.Release|Any CPU.Build.0 = Release|Any CPU
	EndGlobalSection
	GlobalSection(SolutionProperties) = preSolution
		HideSolutionNode = FALSE
	EndGlobalSection
	GlobalSection(ExtensibilityGlobals) = postSolution
		SolutionGuid = {E088432C-61F1-4330-B997-F88A7358BE60}
	EndGlobalSection
EndGlobal
