
Microsoft Visual Studio Solution File, Format Version 12.00
# Visual Studio Version 17
VisualStudioVersion = 17.14.36511.14 d17.14
MinimumVisualStudioVersion = 10.0.40219.1
Project("{FAE04EC0-301F-11D3-BF4B-00C04F79EFBC}") = "Mostrarmesydíassegunnum1a12cs", "Mostrarmesydíassegunnum1a12cs\Mostrarmesydíassegunnum1a12cs.csproj", "{F5AA0E51-842E-4270-91F5-55B12D7B2C71}"
EndProject
Global
	GlobalSection(SolutionConfigurationPlatforms) = preSolution
		Debug|Any CPU = Debug|Any CPU
		Release|Any CPU = Release|Any CPU
	EndGlobalSection
	GlobalSection(ProjectConfigurationPlatforms) = postSolution
		{F5AA0E51-842E-4270-91F5-55B12D7B2C71}.Debug|Any CPU.ActiveCfg = Debug|Any CPU
		{F5AA0E51-842E-4270-91F5-55B12D7B2C71}.Debug|Any CPU.Build.0 = Debug|Any CPU
		{F5AA0E51-842E-4270-91F5-55B12D7B2C71}.Release|Any CPU.ActiveCfg = Release|Any CPU
		{F5AA0E51-842E-4270-91F5-55B12D7B2C71}.Release|Any CPU.Build.0 = Release|Any CPU
	EndGlobalSection
	GlobalSection(SolutionProperties) = preSolution
		HideSolutionNode = FALSE
	EndGlobalSection
	GlobalSection(ExtensibilityGlobals) = postSolution
		SolutionGuid = {FC0E39B9-2F34-4DA6-9027-7C0485ADB04C}
	EndGlobalSection
EndGlobal
