
Microsoft Visual Studio Solution File, Format Version 12.00
# Visual Studio Version 17
VisualStudioVersion = 17.14.36511.14 d17.14
MinimumVisualStudioVersion = 10.0.40219.1
Project("{FAE04EC0-301F-11D3-BF4B-00C04F79EFBC}") = "MCMde2NUMEROS", "MCMde2NUMEROS\MCMde2NUMEROS.csproj", "{AE44C17E-49D3-49EE-B8C1-5450BA49BFB7}"
EndProject
Global
	GlobalSection(SolutionConfigurationPlatforms) = preSolution
		Debug|Any CPU = Debug|Any CPU
		Release|Any CPU = Release|Any CPU
	EndGlobalSection
	GlobalSection(ProjectConfigurationPlatforms) = postSolution
		{AE44C17E-49D3-49EE-B8C1-5450BA49BFB7}.Debug|Any CPU.ActiveCfg = Debug|Any CPU
		{AE44C17E-49D3-49EE-B8C1-5450BA49BFB7}.Debug|Any CPU.Build.0 = Debug|Any CPU
		{AE44C17E-49D3-49EE-B8C1-5450BA49BFB7}.Release|Any CPU.ActiveCfg = Release|Any CPU
		{AE44C17E-49D3-49EE-B8C1-5450BA49BFB7}.Release|Any CPU.Build.0 = Release|Any CPU
	EndGlobalSection
	GlobalSection(SolutionProperties) = preSolution
		HideSolutionNode = FALSE
	EndGlobalSection
	GlobalSection(ExtensibilityGlobals) = postSolution
		SolutionGuid = {EB3B6034-98D3-4273-A94B-84338E606246}
	EndGlobalSection
EndGlobal
