
Microsoft Visual Studio Solution File, Format Version 12.00
# Visual Studio Version 17
VisualStudioVersion = 17.14.36511.14 d17.14
MinimumVisualStudioVersion = 10.0.40219.1
Project("{888888A0-9F3D-457C-B088-3A5042F75D52}") = "Mostrarmesydíassegunnum1a12py", "Mostrarmesydíassegunnum1a12py\Mostrarmesydíassegunnum1a12py.pyproj", "{2D7A3E7C-907F-4B6F-ABF9-B438B852F0F6}"
EndProject
Global
	GlobalSection(SolutionConfigurationPlatforms) = preSolution
		Debug|Any CPU = Debug|Any CPU
		Release|Any CPU = Release|Any CPU
	EndGlobalSection
	GlobalSection(ProjectConfigurationPlatforms) = postSolution
		{2D7A3E7C-907F-4B6F-ABF9-B438B852F0F6}.Debug|Any CPU.ActiveCfg = Debug|Any CPU
		{2D7A3E7C-907F-4B6F-ABF9-B438B852F0F6}.Release|Any CPU.ActiveCfg = Release|Any CPU
	EndGlobalSection
	GlobalSection(SolutionProperties) = preSolution
		HideSolutionNode = FALSE
	EndGlobalSection
	GlobalSection(ExtensibilityGlobals) = postSolution
		SolutionGuid = {F21D5703-2FF5-4567-B221-251C5A8EE1DF}
	EndGlobalSection
EndGlobal
