
Microsoft Visual Studio Solution File, Format Version 12.00
# Visual Studio Version 17
VisualStudioVersion = 17.14.36511.14 d17.14
MinimumVisualStudioVersion = 10.0.40219.1
Project("{888888A0-9F3D-457C-B088-3A5042F75D52}") = "raicesecuacionpy", "raicesecuacionpy\raicesecuacionpy.pyproj", "{F8F3DE8D-74CD-446D-860D-5C1E49ADD216}"
EndProject
Global
	GlobalSection(SolutionConfigurationPlatforms) = preSolution
		Debug|Any CPU = Debug|Any CPU
		Release|Any CPU = Release|Any CPU
	EndGlobalSection
	GlobalSection(ProjectConfigurationPlatforms) = postSolution
		{F8F3DE8D-74CD-446D-860D-5C1E49ADD216}.Debug|Any CPU.ActiveCfg = Debug|Any CPU
		{F8F3DE8D-74CD-446D-860D-5C1E49ADD216}.Release|Any CPU.ActiveCfg = Release|Any CPU
	EndGlobalSection
	GlobalSection(SolutionProperties) = preSolution
		HideSolutionNode = FALSE
	EndGlobalSection
	GlobalSection(ExtensibilityGlobals) = postSolution
		SolutionGuid = {F9265CAF-DF27-417F-A7E4-E26F94DCA03F}
	EndGlobalSection
EndGlobal
