
Microsoft Visual Studio Solution File, Format Version 12.00
# Visual Studio Version 17
VisualStudioVersion = 17.14.36511.14 d17.14
MinimumVisualStudioVersion = 10.0.40219.1
Project("{FAE04EC0-301F-11D3-BF4B-00C04F79EFBC}") = "verpromealumnscs", "verpromealumnscs\verpromealumnscs.csproj", "{A1565B41-E7BC-415F-8B0F-410006FA3DA7}"
EndProject
Global
	GlobalSection(SolutionConfigurationPlatforms) = preSolution
		Debug|Any CPU = Debug|Any CPU
		Release|Any CPU = Release|Any CPU
	EndGlobalSection
	GlobalSection(ProjectConfigurationPlatforms) = postSolution
		{A1565B41-E7BC-415F-8B0F-410006FA3DA7}.Debug|Any CPU.ActiveCfg = Debug|Any CPU
		{A1565B41-E7BC-415F-8B0F-410006FA3DA7}.Debug|Any CPU.Build.0 = Debug|Any CPU
		{A1565B41-E7BC-415F-8B0F-410006FA3DA7}.Release|Any CPU.ActiveCfg = Release|Any CPU
		{A1565B41-E7BC-415F-8B0F-410006FA3DA7}.Release|Any CPU.Build.0 = Release|Any CPU
	EndGlobalSection
	GlobalSection(SolutionProperties) = preSolution
		HideSolutionNode = FALSE
	EndGlobalSection
	GlobalSection(ExtensibilityGlobals) = postSolution
		SolutionGuid = {E972472A-B567-4549-B8FA-51C48BBF4266}
	EndGlobalSection
EndGlobal
