
Microsoft Visual Studio Solution File, Format Version 12.00
# Visual Studio Version 17
VisualStudioVersion = 17.14.36511.14 d17.14
MinimumVisualStudioVersion = 10.0.40219.1
Project("{FAE04EC0-301F-11D3-BF4B-00C04F79EFBC}") = "CantidadDigitosDeUnNúmeroFORcs", "CantidadDigitosDeUnNúmeroFORcs\CantidadDigitosDeUnNúmeroFORcs.csproj", "{B8BA0E52-C83E-4849-84AD-F99238A3D2A5}"
EndProject
Global
	GlobalSection(SolutionConfigurationPlatforms) = preSolution
		Debug|Any CPU = Debug|Any CPU
		Release|Any CPU = Release|Any CPU
	EndGlobalSection
	GlobalSection(ProjectConfigurationPlatforms) = postSolution
		{B8BA0E52-C83E-4849-84AD-F99238A3D2A5}.Debug|Any CPU.ActiveCfg = Debug|Any CPU
		{B8BA0E52-C83E-4849-84AD-F99238A3D2A5}.Debug|Any CPU.Build.0 = Debug|Any CPU
		{B8BA0E52-C83E-4849-84AD-F99238A3D2A5}.Release|Any CPU.ActiveCfg = Release|Any CPU
		{B8BA0E52-C83E-4849-84AD-F99238A3D2A5}.Release|Any CPU.Build.0 = Release|Any CPU
	EndGlobalSection
	GlobalSection(SolutionProperties) = preSolution
		HideSolutionNode = FALSE
	EndGlobalSection
	GlobalSection(ExtensibilityGlobals) = postSolution
		SolutionGuid = {D1F58882-722F-42D7-8336-5BF2E9500FED}
	EndGlobalSection
EndGlobal
