
Microsoft Visual Studio Solution File, Format Version 12.00
# Visual Studio Version 17
VisualStudioVersion = 17.14.36511.14 d17.14
MinimumVisualStudioVersion = 10.0.40219.1
Project("{FAE04EC0-301F-11D3-BF4B-00C04F79EFBC}") = "ordenarmayormenorcs", "ordenarmayormenorcs\ordenarmayormenorcs.csproj", "{0CD941DF-5CA4-43F7-8B20-69E25A3C876E}"
EndProject
Global
	GlobalSection(SolutionConfigurationPlatforms) = preSolution
		Debug|Any CPU = Debug|Any CPU
		Release|Any CPU = Release|Any CPU
	EndGlobalSection
	GlobalSection(ProjectConfigurationPlatforms) = postSolution
		{0CD941DF-5CA4-43F7-8B20-69E25A3C876E}.Debug|Any CPU.ActiveCfg = Debug|Any CPU
		{0CD941DF-5CA4-43F7-8B20-69E25A3C876E}.Debug|Any CPU.Build.0 = Debug|Any CPU
		{0CD941DF-5CA4-43F7-8B20-69E25A3C876E}.Release|Any CPU.ActiveCfg = Release|Any CPU
		{0CD941DF-5CA4-43F7-8B20-69E25A3C876E}.Release|Any CPU.Build.0 = Release|Any CPU
	EndGlobalSection
	GlobalSection(SolutionProperties) = preSolution
		HideSolutionNode = FALSE
	EndGlobalSection
	GlobalSection(ExtensibilityGlobals) = postSolution
		SolutionGuid = {071F218B-6B23-4A33-91F1-72DFDA5D81D5}
	EndGlobalSection
EndGlobal
