
Microsoft Visual Studio Solution File, Format Version 12.00
# Visual Studio Version 17
VisualStudioVersion = 17.14.36511.14 d17.14
MinimumVisualStudioVersion = 10.0.40219.1
Project("{FAE04EC0-301F-11D3-BF4B-00C04F79EFBC}") = "LeerCaractDarEstdCivilcs", "LeerCaractDarEstdCivilcs\LeerCaractDarEstdCivilcs.csproj", "{6EC6A4A1-2975-428B-BD36-E0C69664C4E3}"
EndProject
Global
	GlobalSection(SolutionConfigurationPlatforms) = preSolution
		Debug|Any CPU = Debug|Any CPU
		Release|Any CPU = Release|Any CPU
	EndGlobalSection
	GlobalSection(ProjectConfigurationPlatforms) = postSolution
		{6EC6A4A1-2975-428B-BD36-E0C69664C4E3}.Debug|Any CPU.ActiveCfg = Debug|Any CPU
		{6EC6A4A1-2975-428B-BD36-E0C69664C4E3}.Debug|Any CPU.Build.0 = Debug|Any CPU
		{6EC6A4A1-2975-428B-BD36-E0C69664C4E3}.Release|Any CPU.ActiveCfg = Release|Any CPU
		{6EC6A4A1-2975-428B-BD36-E0C69664C4E3}.Release|Any CPU.Build.0 = Release|Any CPU
	EndGlobalSection
	GlobalSection(SolutionProperties) = preSolution
		HideSolutionNode = FALSE
	EndGlobalSection
	GlobalSection(ExtensibilityGlobals) = postSolution
		SolutionGuid = {7794AC13-2253-4640-A0A1-83DA32B3A46E}
	EndGlobalSection
EndGlobal
