
Microsoft Visual Studio Solution File, Format Version 12.00
# Visual Studio Version 17
VisualStudioVersion = 17.14.36511.14 d17.14
MinimumVisualStudioVersion = 10.0.40219.1
Project("{FAE04EC0-301F-11D3-BF4B-00C04F79EFBC}") = "promedionotascs", "promedionotascs\promedionotascs.csproj", "{B80CD2CC-5B71-48C9-A29B-408889019816}"
EndProject
Global
	GlobalSection(SolutionConfigurationPlatforms) = preSolution
		Debug|Any CPU = Debug|Any CPU
		Release|Any CPU = Release|Any CPU
	EndGlobalSection
	GlobalSection(ProjectConfigurationPlatforms) = postSolution
		{B80CD2CC-5B71-48C9-A29B-408889019816}.Debug|Any CPU.ActiveCfg = Debug|Any CPU
		{B80CD2CC-5B71-48C9-A29B-408889019816}.Debug|Any CPU.Build.0 = Debug|Any CPU
		{B80CD2CC-5B71-48C9-A29B-408889019816}.Release|Any CPU.ActiveCfg = Release|Any CPU
		{B80CD2CC-5B71-48C9-A29B-408889019816}.Release|Any CPU.Build.0 = Release|Any CPU
	EndGlobalSection
	GlobalSection(SolutionProperties) = preSolution
		HideSolutionNode = FALSE
	EndGlobalSection
	GlobalSection(ExtensibilityGlobals) = postSolution
		SolutionGuid = {E2BD05B3-5DE7-4B50-96D0-07FAFE9702BD}
	EndGlobalSection
EndGlobal
