
Microsoft Visual Studio Solution File, Format Version 12.00
# Visual Studio Version 17
VisualStudioVersion = 17.14.36511.14 d17.14
MinimumVisualStudioVersion = 10.0.40219.1
Project("{FAE04EC0-301F-11D3-BF4B-00C04F79EFBC}") = "imparmult5cs", "imparmult5cs\imparmult5cs.csproj", "{881C6E87-9FDF-4D8D-B503-4573D73A3BF5}"
EndProject
Global
	GlobalSection(SolutionConfigurationPlatforms) = preSolution
		Debug|Any CPU = Debug|Any CPU
		Release|Any CPU = Release|Any CPU
	EndGlobalSection
	GlobalSection(ProjectConfigurationPlatforms) = postSolution
		{881C6E87-9FDF-4D8D-B503-4573D73A3BF5}.Debug|Any CPU.ActiveCfg = Debug|Any CPU
		{881C6E87-9FDF-4D8D-B503-4573D73A3BF5}.Debug|Any CPU.Build.0 = Debug|Any CPU
		{881C6E87-9FDF-4D8D-B503-4573D73A3BF5}.Release|Any CPU.ActiveCfg = Release|Any CPU
		{881C6E87-9FDF-4D8D-B503-4573D73A3BF5}.Release|Any CPU.Build.0 = Release|Any CPU
	EndGlobalSection
	GlobalSection(SolutionProperties) = preSolution
		HideSolutionNode = FALSE
	EndGlobalSection
	GlobalSection(ExtensibilityGlobals) = postSolution
		SolutionGuid = {65BCCF94-6721-4805-9748-69B6C3F4EAD9}
	EndGlobalSection
EndGlobal
